
Microsoft Visual Studio Solution File, Format Version 12.00
# Visual Studio Version 16
VisualStudioVersion = 16.0.30330.147
MinimumVisualStudioVersion = 10.0.40219.1
Project("{FAE04EC0-301F-11D3-BF4B-00C04F79EFBC}") = "APPSUMAR", "APPSUMAR.csproj", "{F68C519A-113C-4677-81AE-CB82C05D253A}"
EndProject
Global
	GlobalSection(SolutionConfigurationPlatforms) = preSolution
		Debug|Any CPU = Debug|Any CPU
		Release|Any CPU = Release|Any CPU
	EndGlobalSection
	GlobalSection(ProjectConfigurationPlatforms) = postSolution
		{F68C519A-113C-4677-81AE-CB82C05D253A}.Debug|Any CPU.ActiveCfg = Debug|Any CPU
		{F68C519A-113C-4677-81AE-CB82C05D253A}.Debug|Any CPU.Build.0 = Debug|Any CPU
		{F68C519A-113C-4677-81AE-CB82C05D253A}.Release|Any CPU.ActiveCfg = Release|Any CPU
		{F68C519A-113C-4677-81AE-CB82C05D253A}.Release|Any CPU.Build.0 = Release|Any CPU
	EndGlobalSection
	GlobalSection(SolutionProperties) = preSolution
		HideSolutionNode = FALSE
	EndGlobalSection
	GlobalSection(ExtensibilityGlobals) = postSolution
		SolutionGuid = {1CB930DA-EDBB-4A55-9C75-0125D4FB2CD9}
	EndGlobalSection
EndGlobal
